
Microsoft Visual Studio Solution File, Format Version 12.00
# Visual Studio Version 17
VisualStudioVersion = 17.7.34024.191
MinimumVisualStudioVersion = 10.0.40219.1
Project("{FAE04EC0-301F-11D3-BF4B-00C04F79EFBC}") = "Blueddit", "Blueddit\Blueddit.csproj", "{ADF49FF8-F98B-4028-B150-C8C6504F50BB}"
EndProject
Global
	GlobalSection(SolutionConfigurationPlatforms) = preSolution
		Debug|Any CPU = Debug|Any CPU
		Release|Any CPU = Release|Any CPU
	EndGlobalSection
	GlobalSection(ProjectConfigurationPlatforms) = postSolution
		{ADF49FF8-F98B-4028-B150-C8C6504F50BB}.Debug|Any CPU.ActiveCfg = Debug|Any CPU
		{ADF49FF8-F98B-4028-B150-C8C6504F50BB}.Debug|Any CPU.Build.0 = Debug|Any CPU
		{ADF49FF8-F98B-4028-B150-C8C6504F50BB}.Release|Any CPU.ActiveCfg = Release|Any CPU
		{ADF49FF8-F98B-4028-B150-C8C6504F50BB}.Release|Any CPU.Build.0 = Release|Any CPU
	EndGlobalSection
	GlobalSection(SolutionProperties) = preSolution
		HideSolutionNode = FALSE
	EndGlobalSection
	GlobalSection(ExtensibilityGlobals) = postSolution
		SolutionGuid = {AE61DC91-F3AB-4676-AFFA-D8D4F067E6F1}
	EndGlobalSection
EndGlobal
